
Microsoft Visual Studio Solution File, Format Version 12.00
# Visual Studio 15
VisualStudioVersion = 15.0.27004.2008
MinimumVisualStudioVersion = 10.0.40219.1
Project("{9A19103F-16F7-4668-BE54-9A1E7A4F7556}") = "ScalableWeb", "ScalableWeb\ScalableWeb.csproj", "{3504EBAB-B4B3-4DB9-9802-FEE3FE6BB874}"
EndProject
Project("{9A19103F-16F7-4668-BE54-9A1E7A4F7556}") = "ScalableWeb.Test.IntegrationTests", "ScalableWeb.Test.IntegrationTests\ScalableWeb.Test.IntegrationTests.csproj", "{64BA46EC-1C3C-4507-A39E-65DBB3C84260}"
EndProject
Project("{9A19103F-16F7-4668-BE54-9A1E7A4F7556}") = "ScalableWeb.Domain", "ScalableWeb.Domain\ScalableWeb.Domain.csproj", "{6B056446-97BA-4B57-9BFF-9485ABBF1579}"
EndProject
Project("{9A19103F-16F7-4668-BE54-9A1E7A4F7556}") = "ScalableWeb.Domain.Test.UnitTests", "ScalableWeb.Domain.Test.UnitTests\ScalableWeb.Domain.Test.UnitTests.csproj", "{09A536A3-21D9-4583-8B48-3A14132DF0E0}"
EndProject
Global
	GlobalSection(SolutionConfigurationPlatforms) = preSolution
		Debug|Any CPU = Debug|Any CPU
		Release|Any CPU = Release|Any CPU
	EndGlobalSection
	GlobalSection(ProjectConfigurationPlatforms) = postSolution
		{3504EBAB-B4B3-4DB9-9802-FEE3FE6BB874}.Debug|Any CPU.ActiveCfg = Debug|Any CPU
		{3504EBAB-B4B3-4DB9-9802-FEE3FE6BB874}.Debug|Any CPU.Build.0 = Debug|Any CPU
		{3504EBAB-B4B3-4DB9-9802-FEE3FE6BB874}.Release|Any CPU.ActiveCfg = Release|Any CPU
		{3504EBAB-B4B3-4DB9-9802-FEE3FE6BB874}.Release|Any CPU.Build.0 = Release|Any CPU
		{64BA46EC-1C3C-4507-A39E-65DBB3C84260}.Debug|Any CPU.ActiveCfg = Debug|Any CPU
		{64BA46EC-1C3C-4507-A39E-65DBB3C84260}.Debug|Any CPU.Build.0 = Debug|Any CPU
		{64BA46EC-1C3C-4507-A39E-65DBB3C84260}.Release|Any CPU.ActiveCfg = Release|Any CPU
		{64BA46EC-1C3C-4507-A39E-65DBB3C84260}.Release|Any CPU.Build.0 = Release|Any CPU
		{6B056446-97BA-4B57-9BFF-9485ABBF1579}.Debug|Any CPU.ActiveCfg = Debug|Any CPU
		{6B056446-97BA-4B57-9BFF-9485ABBF1579}.Debug|Any CPU.Build.0 = Debug|Any CPU
		{6B056446-97BA-4B57-9BFF-9485ABBF1579}.Release|Any CPU.ActiveCfg = Release|Any CPU
		{6B056446-97BA-4B57-9BFF-9485ABBF1579}.Release|Any CPU.Build.0 = Release|Any CPU
		{09A536A3-21D9-4583-8B48-3A14132DF0E0}.Debug|Any CPU.ActiveCfg = Debug|Any CPU
		{09A536A3-21D9-4583-8B48-3A14132DF0E0}.Debug|Any CPU.Build.0 = Debug|Any CPU
		{09A536A3-21D9-4583-8B48-3A14132DF0E0}.Release|Any CPU.ActiveCfg = Release|Any CPU
		{09A536A3-21D9-4583-8B48-3A14132DF0E0}.Release|Any CPU.Build.0 = Release|Any CPU
	EndGlobalSection
	GlobalSection(SolutionProperties) = preSolution
		HideSolutionNode = FALSE
	EndGlobalSection
	GlobalSection(ExtensibilityGlobals) = postSolution
		SolutionGuid = {07251272-8C47-42D1-8A1E-041827552265}
	EndGlobalSection
EndGlobal
